
Microsoft Visual Studio Solution File, Format Version 11.00
# Visual Studio 2010
Project("{FAE04EC0-301F-11D3-BF4B-00C04F79EFBC}") = "Talifun.Javascript", "src\Talifun.Javascript\Talifun.Javascript.csproj", "{4153573B-3969-4679-AC20-1197BDE129AF}"
EndProject
Project("{FAE04EC0-301F-11D3-BF4B-00C04F79EFBC}") = "Talifun.Javascript.Tests", "src\Talifun.Javascript.Tests\Talifun.Javascript.Tests.csproj", "{67D1B36E-FF54-401A-916E-F521726D97E0}"
EndProject
Project("{2150E333-8FDC-42A3-9474-1A3956D46DE8}") = ".nuget", ".nuget", "{83B63296-E4E7-4829-8DD0-05CCDDCC7212}"
	ProjectSection(SolutionItems) = preProject
		.nuget\packages.config = .nuget\packages.config
	EndProjectSection
EndProject
Global
	GlobalSection(SolutionConfigurationPlatforms) = preSolution
		Debug|Any CPU = Debug|Any CPU
		Release|Any CPU = Release|Any CPU
	EndGlobalSection
	GlobalSection(ProjectConfigurationPlatforms) = postSolution
		{4153573B-3969-4679-AC20-1197BDE129AF}.Debug|Any CPU.ActiveCfg = Debug|Any CPU
		{4153573B-3969-4679-AC20-1197BDE129AF}.Debug|Any CPU.Build.0 = Debug|Any CPU
		{4153573B-3969-4679-AC20-1197BDE129AF}.Release|Any CPU.ActiveCfg = Release|Any CPU
		{4153573B-3969-4679-AC20-1197BDE129AF}.Release|Any CPU.Build.0 = Release|Any CPU
		{67D1B36E-FF54-401A-916E-F521726D97E0}.Debug|Any CPU.ActiveCfg = Debug|Any CPU
		{67D1B36E-FF54-401A-916E-F521726D97E0}.Debug|Any CPU.Build.0 = Debug|Any CPU
		{67D1B36E-FF54-401A-916E-F521726D97E0}.Release|Any CPU.ActiveCfg = Release|Any CPU
		{67D1B36E-FF54-401A-916E-F521726D97E0}.Release|Any CPU.Build.0 = Release|Any CPU
	EndGlobalSection
	GlobalSection(SolutionProperties) = preSolution
		HideSolutionNode = FALSE
	EndGlobalSection
EndGlobal
